
Microsoft Visual Studio Solution File, Format Version 11.00
# Visual C# Express 2010
Project("{FAE04EC0-301F-11D3-BF4B-00C04F79EFBC}") = "WebsmsToolkitCS", "WebsmsToolkitCS.csproj", "{EF208851-A6DC-41EB-9727-B594638DBA2C}"
EndProject
Project("{FAE04EC0-301F-11D3-BF4B-00C04F79EFBC}") = "SimpleExample", "examples\SimpleExample.csproj", "{304B90F4-B8B4-40DA-8E48-3BDA9D98600D}"
EndProject
Project("{FAE04EC0-301F-11D3-BF4B-00C04F79EFBC}") = "AsyncExample", "examples\AsyncExample.csproj", "{530BEA07-91F5-4379-A9CE-596963D49CBB}"
EndProject
Project("{FAE04EC0-301F-11D3-BF4B-00C04F79EFBC}") = "Tests", "Tests.csproj", "{71D55F28-88F7-4C0D-820E-4512366648EB}"
EndProject
Global
	GlobalSection(SolutionConfigurationPlatforms) = preSolution
		Debug|Any CPU = Debug|Any CPU
		Debug|Mixed Platforms = Debug|Mixed Platforms
		Debug|x86 = Debug|x86
		Release|Any CPU = Release|Any CPU
		Release|Mixed Platforms = Release|Mixed Platforms
		Release|x86 = Release|x86
	EndGlobalSection
	GlobalSection(ProjectConfigurationPlatforms) = postSolution
		{EF208851-A6DC-41EB-9727-B594638DBA2C}.Debug|Any CPU.ActiveCfg = Debug|Any CPU
		{EF208851-A6DC-41EB-9727-B594638DBA2C}.Debug|Any CPU.Build.0 = Debug|Any CPU
		{EF208851-A6DC-41EB-9727-B594638DBA2C}.Debug|Mixed Platforms.ActiveCfg = Debug|Any CPU
		{EF208851-A6DC-41EB-9727-B594638DBA2C}.Debug|Mixed Platforms.Build.0 = Debug|Any CPU
		{EF208851-A6DC-41EB-9727-B594638DBA2C}.Debug|x86.ActiveCfg = Debug|Any CPU
		{EF208851-A6DC-41EB-9727-B594638DBA2C}.Release|Any CPU.ActiveCfg = Release|Any CPU
		{EF208851-A6DC-41EB-9727-B594638DBA2C}.Release|Any CPU.Build.0 = Release|Any CPU
		{EF208851-A6DC-41EB-9727-B594638DBA2C}.Release|Mixed Platforms.ActiveCfg = Release|Any CPU
		{EF208851-A6DC-41EB-9727-B594638DBA2C}.Release|Mixed Platforms.Build.0 = Release|Any CPU
		{EF208851-A6DC-41EB-9727-B594638DBA2C}.Release|x86.ActiveCfg = Release|Any CPU
		{304B90F4-B8B4-40DA-8E48-3BDA9D98600D}.Debug|Any CPU.ActiveCfg = Debug|x86
		{304B90F4-B8B4-40DA-8E48-3BDA9D98600D}.Debug|Mixed Platforms.ActiveCfg = Debug|x86
		{304B90F4-B8B4-40DA-8E48-3BDA9D98600D}.Debug|Mixed Platforms.Build.0 = Debug|x86
		{304B90F4-B8B4-40DA-8E48-3BDA9D98600D}.Debug|x86.ActiveCfg = Debug|x86
		{304B90F4-B8B4-40DA-8E48-3BDA9D98600D}.Debug|x86.Build.0 = Debug|x86
		{304B90F4-B8B4-40DA-8E48-3BDA9D98600D}.Release|Any CPU.ActiveCfg = Release|x86
		{304B90F4-B8B4-40DA-8E48-3BDA9D98600D}.Release|Mixed Platforms.ActiveCfg = Release|x86
		{304B90F4-B8B4-40DA-8E48-3BDA9D98600D}.Release|Mixed Platforms.Build.0 = Release|x86
		{304B90F4-B8B4-40DA-8E48-3BDA9D98600D}.Release|x86.ActiveCfg = Release|x86
		{304B90F4-B8B4-40DA-8E48-3BDA9D98600D}.Release|x86.Build.0 = Release|x86
		{530BEA07-91F5-4379-A9CE-596963D49CBB}.Debug|Any CPU.ActiveCfg = Debug|x86
		{530BEA07-91F5-4379-A9CE-596963D49CBB}.Debug|Mixed Platforms.ActiveCfg = Debug|x86
		{530BEA07-91F5-4379-A9CE-596963D49CBB}.Debug|Mixed Platforms.Build.0 = Debug|x86
		{530BEA07-91F5-4379-A9CE-596963D49CBB}.Debug|x86.ActiveCfg = Debug|x86
		{530BEA07-91F5-4379-A9CE-596963D49CBB}.Debug|x86.Build.0 = Debug|x86
		{530BEA07-91F5-4379-A9CE-596963D49CBB}.Release|Any CPU.ActiveCfg = Release|x86
		{530BEA07-91F5-4379-A9CE-596963D49CBB}.Release|Mixed Platforms.ActiveCfg = Release|x86
		{530BEA07-91F5-4379-A9CE-596963D49CBB}.Release|Mixed Platforms.Build.0 = Release|x86
		{530BEA07-91F5-4379-A9CE-596963D49CBB}.Release|x86.ActiveCfg = Release|x86
		{530BEA07-91F5-4379-A9CE-596963D49CBB}.Release|x86.Build.0 = Release|x86
		{71D55F28-88F7-4C0D-820E-4512366648EB}.Debug|Any CPU.ActiveCfg = Debug|x86
		{71D55F28-88F7-4C0D-820E-4512366648EB}.Debug|Mixed Platforms.ActiveCfg = Debug|x86
		{71D55F28-88F7-4C0D-820E-4512366648EB}.Debug|Mixed Platforms.Build.0 = Debug|x86
		{71D55F28-88F7-4C0D-820E-4512366648EB}.Debug|x86.ActiveCfg = Debug|x86
		{71D55F28-88F7-4C0D-820E-4512366648EB}.Debug|x86.Build.0 = Debug|x86
		{71D55F28-88F7-4C0D-820E-4512366648EB}.Release|Any CPU.ActiveCfg = Release|x86
		{71D55F28-88F7-4C0D-820E-4512366648EB}.Release|Mixed Platforms.ActiveCfg = Release|x86
		{71D55F28-88F7-4C0D-820E-4512366648EB}.Release|Mixed Platforms.Build.0 = Release|x86
		{71D55F28-88F7-4C0D-820E-4512366648EB}.Release|x86.ActiveCfg = Release|x86
		{71D55F28-88F7-4C0D-820E-4512366648EB}.Release|x86.Build.0 = Release|x86
	EndGlobalSection
	GlobalSection(SolutionProperties) = preSolution
		HideSolutionNode = FALSE
	EndGlobalSection
EndGlobal
